
Microsoft Visual Studio Solution File, Format Version 12.00
# Visual Studio Version 17
VisualStudioVersion = 17.10.35027.167
MinimumVisualStudioVersion = 10.0.40219.1
Project("{9A19103F-16F7-4668-BE54-9A1E7A4F7556}") = "Webbanhang", "Webbanhang.csproj", "{CC150429-65F5-40FF-8A8F-F4255B8D8BBA}"
EndProject
Global
	GlobalSection(SolutionConfigurationPlatforms) = preSolution
		Debug|Any CPU = Debug|Any CPU
		Release|Any CPU = Release|Any CPU
	EndGlobalSection
	GlobalSection(ProjectConfigurationPlatforms) = postSolution
		{CC150429-65F5-40FF-8A8F-F4255B8D8BBA}.Debug|Any CPU.ActiveCfg = Debug|Any CPU
		{CC150429-65F5-40FF-8A8F-F4255B8D8BBA}.Debug|Any CPU.Build.0 = Debug|Any CPU
		{CC150429-65F5-40FF-8A8F-F4255B8D8BBA}.Release|Any CPU.ActiveCfg = Release|Any CPU
		{CC150429-65F5-40FF-8A8F-F4255B8D8BBA}.Release|Any CPU.Build.0 = Release|Any CPU
	EndGlobalSection
	GlobalSection(SolutionProperties) = preSolution
		HideSolutionNode = FALSE
	EndGlobalSection
	GlobalSection(ExtensibilityGlobals) = postSolution
		SolutionGuid = {22E62487-36A5-4DCE-888A-3B64C013B8A8}
	EndGlobalSection
EndGlobal
